
Microsoft Visual Studio Solution File, Format Version 12.00
# Visual Studio 15
VisualStudioVersion = 15.0.28307.1267
MinimumVisualStudioVersion = 10.0.40219.1
Project("{FAE04EC0-301F-11D3-BF4B-00C04F79EFBC}") = "Clinic", "Clinic\Clinic.csproj", "{A99AA38B-B945-40A5-83BD-9D71BC5397C2}"
EndProject
Project("{FAE04EC0-301F-11D3-BF4B-00C04F79EFBC}") = "Clinic.Tests", "Clinic.Tests\Clinic.Tests.csproj", "{272695C0-4B8A-44D2-963E-692750E40B49}"
EndProject
Global
	GlobalSection(SolutionConfigurationPlatforms) = preSolution
		Debug|Any CPU = Debug|Any CPU
		Release|Any CPU = Release|Any CPU
	EndGlobalSection
	GlobalSection(ProjectConfigurationPlatforms) = postSolution
		{A99AA38B-B945-40A5-83BD-9D71BC5397C2}.Debug|Any CPU.ActiveCfg = Debug|Any CPU
		{A99AA38B-B945-40A5-83BD-9D71BC5397C2}.Debug|Any CPU.Build.0 = Debug|Any CPU
		{A99AA38B-B945-40A5-83BD-9D71BC5397C2}.Release|Any CPU.ActiveCfg = Release|Any CPU
		{A99AA38B-B945-40A5-83BD-9D71BC5397C2}.Release|Any CPU.Build.0 = Release|Any CPU
		{272695C0-4B8A-44D2-963E-692750E40B49}.Debug|Any CPU.ActiveCfg = Debug|Any CPU
		{272695C0-4B8A-44D2-963E-692750E40B49}.Debug|Any CPU.Build.0 = Debug|Any CPU
		{272695C0-4B8A-44D2-963E-692750E40B49}.Release|Any CPU.ActiveCfg = Release|Any CPU
		{272695C0-4B8A-44D2-963E-692750E40B49}.Release|Any CPU.Build.0 = Release|Any CPU
	EndGlobalSection
	GlobalSection(SolutionProperties) = preSolution
		HideSolutionNode = FALSE
	EndGlobalSection
	GlobalSection(ExtensibilityGlobals) = postSolution
		SolutionGuid = {8D3EFB04-15C3-4691-A16A-992699C04770}
	EndGlobalSection
EndGlobal
